{
  "name": "ztbook",
  "lockfileVersion": 2,
  "requires": true,
  "packages": {
    "": {
      "dependencies": {
        "@dcloudio/uni-ui": "^1.5.7",
        "dayjs": "^1.11.10",
        "echarts": "^5.6.0"
      }
    },
    "node_modules/@dcloudio/uni-ui": {
      "version": "1.5.7",
      "resolved": "https://registry.npmmirror.com/@dcloudio/uni-ui/-/uni-ui-1.5.7.tgz",
      "integrity": "sha512-DugxSIrQrze1FLdUOj9a+JEQ0bHGjnJTcGUK1mN/MivKg7nuKJBRWk5Ipa9sUdoBznX6ndz5h2e7Uao6x1CdCw=="
    },
    "node_modules/dayjs": {
      "version": "1.11.13",
      "resolved": "https://registry.npmmirror.com/dayjs/-/dayjs-1.11.13.tgz",
      "integrity": "sha512-oaMBel6gjolK862uaPQOVTA7q3TZhuSvuMQAAglQDOWYO9A91IrAOUJEyKVlqJlHE0vq5p5UXxzdPfMH/x6xNg=="
    },
    "node_modules/echarts": {
      "version": "5.6.0",
      "resolved": "https://registry.npmmirror.com/echarts/-/echarts-5.6.0.tgz",
      "integrity": "sha512-oTbVTsXfKuEhxftHqL5xprgLoc0k7uScAwtryCgWF6hPYFLRwOUHiFmHGCBKP5NPFNkDVopOieyUqYGH8Fa3kA==",
      "dependencies": {
        "tslib": "2.3.0",
        "zrender": "5.6.1"
      }
    },
    "node_modules/tslib": {
      "version": "2.3.0",
      "resolved": "https://registry.npmmirror.com/tslib/-/tslib-2.3.0.tgz",
      "integrity": "sha512-N82ooyxVNm6h1riLCoyS9e3fuJ3AMG2zIZs2Gd1ATcSFjSA23Q0fzjjZeh0jbJvWVDZ0cJT8yaNNaaXHzueNjg=="
    },
    "node_modules/zrender": {
      "version": "5.6.1",
      "resolved": "https://registry.npmmirror.com/zrender/-/zrender-5.6.1.tgz",
      "integrity": "sha512-OFXkDJKcrlx5su2XbzJvj/34Q3m6PvyCZkVPHGYpcCJ52ek4U/ymZyfuV1nKE23AyBJ51E/6Yr0mhZ7xGTO4ag==",
      "dependencies": {
        "tslib": "2.3.0"
      }
    }
  },
  "dependencies": {
    "@dcloudio/uni-ui": {
      "version": "1.5.7",
      "resolved": "https://registry.npmmirror.com/@dcloudio/uni-ui/-/uni-ui-1.5.7.tgz",
      "integrity": "sha512-DugxSIrQrze1FLdUOj9a+JEQ0bHGjnJTcGUK1mN/MivKg7nuKJBRWk5Ipa9sUdoBznX6ndz5h2e7Uao6x1CdCw=="
    },
    "dayjs": {
      "version": "1.11.13",
      "resolved": "https://registry.npmmirror.com/dayjs/-/dayjs-1.11.13.tgz",
      "integrity": "sha512-oaMBel6gjolK862uaPQOVTA7q3TZhuSvuMQAAglQDOWYO9A91IrAOUJEyKVlqJlHE0vq5p5UXxzdPfMH/x6xNg=="
    },
    "echarts": {
      "version": "5.6.0",
      "resolved": "https://registry.npmmirror.com/echarts/-/echarts-5.6.0.tgz",
      "integrity": "sha512-oTbVTsXfKuEhxftHqL5xprgLoc0k7uScAwtryCgWF6hPYFLRwOUHiFmHGCBKP5NPFNkDVopOieyUqYGH8Fa3kA==",
      "requires": {
        "tslib": "2.3.0",
        "zrender": "5.6.1"
      }
    },
    "tslib": {
      "version": "2.3.0",
      "resolved": "https://registry.npmmirror.com/tslib/-/tslib-2.3.0.tgz",
      "integrity": "sha512-N82ooyxVNm6h1riLCoyS9e3fuJ3AMG2zIZs2Gd1ATcSFjSA23Q0fzjjZeh0jbJvWVDZ0cJT8yaNNaaXHzueNjg=="
    },
    "zrender": {
      "version": "5.6.1",
      "resolved": "https://registry.npmmirror.com/zrender/-/zrender-5.6.1.tgz",
      "integrity": "sha512-OFXkDJKcrlx5su2XbzJvj/34Q3m6PvyCZkVPHGYpcCJ52ek4U/ymZyfuV1nKE23AyBJ51E/6Yr0mhZ7xGTO4ag==",
      "requires": {
        "tslib": "2.3.0"
      }
    }
  }
}
